
Microsoft Visual Studio Solution File, Format Version 12.00
# Visual Studio Version 17
VisualStudioVersion = 17.0.31612.314
MinimumVisualStudioVersion = 10.0.40219.1
Project("{FAE04EC0-301F-11D3-BF4B-00C04F79EFBC}") = "IndoorPlace", "IndoorPlace.csproj", "{9DA187EF-1F30-4EE0-AAE6-7A4C8C195AEC}"
EndProject
Global
	GlobalSection(SolutionConfigurationPlatforms) = preSolution
		Debug|Any CPU = Debug|Any CPU
		Release|Any CPU = Release|Any CPU
	EndGlobalSection
	GlobalSection(ProjectConfigurationPlatforms) = postSolution
		{9DA187EF-1F30-4EE0-AAE6-7A4C8C195AEC}.Debug|Any CPU.ActiveCfg = Debug|Any CPU
		{9DA187EF-1F30-4EE0-AAE6-7A4C8C195AEC}.Debug|Any CPU.Build.0 = Debug|Any CPU
		{9DA187EF-1F30-4EE0-AAE6-7A4C8C195AEC}.Release|Any CPU.ActiveCfg = Release|Any CPU
		{9DA187EF-1F30-4EE0-AAE6-7A4C8C195AEC}.Release|Any CPU.Build.0 = Release|Any CPU
	EndGlobalSection
	GlobalSection(SolutionProperties) = preSolution
		HideSolutionNode = FALSE
	EndGlobalSection
	GlobalSection(ExtensibilityGlobals) = postSolution
		SolutionGuid = {D070A60F-2F80-4F5C-90B0-632535549E83}
	EndGlobalSection
EndGlobal
